// !$*UTF8*$!
{
	archiveVersion = 1;
	classes = {
	};
	objectVersion = 48;
	objects = {

/* Begin PBXBuildFile section */
		75E13F2E20449D0A00155C9F /* AppDelegate.swift in Sources */ = {isa = PBXBuildFile; fileRef = 75E13F2D20449D0A00155C9F /* AppDelegate.swift */; };
		75E13F3020449D0A00155C9F /* ViewController.swift in Sources */ = {isa = PBXBuildFile; fileRef = 75E13F2F20449D0A00155C9F /* ViewController.swift */; };
		75E13F3320449D0A00155C9F /* Main.storyboard in Resources */ = {isa = PBXBuildFile; fileRef = 75E13F3120449D0A00155C9F /* Main.storyboard */; };
		75E13F3520449D0A00155C9F /* Assets.xcassets in Resources */ = {isa = PBXBuildFile; fileRef = 75E13F3420449D0A00155C9F /* Assets.xcassets */; };
		75E13F3820449D0A00155C9F /* LaunchScreen.storyboard in Resources */ = {isa = PBXBuildFile; fileRef = 75E13F3620449D0A00155C9F /* LaunchScreen.storyboard */; };
		7F3E144120605932004A3074 /* Property List.plist in Resources */ = {isa = PBXBuildFile; fileRef = 7F3E144020605932004A3074 /* Property List.plist */; };
		7F3E144320605A4D004A3074 /* detailViewController.swift in Sources */ = {isa = PBXBuildFile; fileRef = 7F3E144220605A4D004A3074 /* detailViewController.swift */; };
/* End PBXBuildFile section */

/* Begin PBXFileReference section */
		75E13F2A20449D0A00155C9F /* HackwichFive.app */ = {isa = PBXFileReference; explicitFileType = wrapper.application; includeInIndex = 0; path = HackwichFive.app; sourceTree = BUILT_PRODUCTS_DIR; };
		75E13F2D20449D0A00155C9F /* AppDelegate.swift */ = {isa = PBXFileReference; lastKnownFileType = sourcecode.swift; path = AppDelegate.swift; sourceTree = "<group>"; };
		75E13F2F20449D0A00155C9F /* ViewController.swift */ = {isa = PBXFileReference; lastKnownFileType = sourcecode.swift; path = ViewController.swift; sourceTree = "<group>"; };
		75E13F3220449D0A00155C9F /* Base */ = {isa = PBXFileReference; lastKnownFileType = file.storyboard; name = Base; path = Base.lproj/Main.storyboard; sourceTree = "<group>"; };
		75E13F3420449D0A00155C9F /* Assets.xcassets */ = {isa = PBXFileReference; lastKnownFileType = folder.assetcatalog; path = Assets.xcassets; sourceTree = "<group>"; };
		75E13F3720449D0A00155C9F /* Base */ = {isa = PBXFileReference; lastKnownFileType = file.storyboard; name = Base; path = Base.lproj/LaunchScreen.storyboard; sourceTree = "<group>"; };
		75E13F3920449D0A00155C9F /* Info.plist */ = {isa = PBXFileReference; lastKnownFileType = text.plist.xml; path = Info.plist; sourceTree = "<group>"; };
		7F3E144020605932004A3074 /* Property List.plist */ = {isa = PBXFileReference; lastKnownFileType = text.plist.xml; path = "Property List.plist"; sourceTree = "<group>"; };
		7F3E144220605A4D004A3074 /* detailViewController.swift */ = {isa = PBXFileReference; lastKnownFileType = sourcecode.swift; path = detailViewController.swift; sourceTree = "<group>"; };
/* End PBXFileReference section */

/* Begin PBXFrameworksBuildPhase section */
		75E13F2720449D0A00155C9F /* Frameworks */ = {
			isa = PBXFrameworksBuildPhase;
			buildActionMask = 2147483647;
			files = (
			);
			runOnlyForDeploymentPostprocessing = 0;
		};
/* End PBXFrameworksBuildPhase section */

/* Begin PBXGroup section */
		75E13F2120449D0A00155C9F = {
			isa = PBXGroup;
			children = (
				75E13F2C20449D0A00155C9F /* HackwichFive */,
				75E13F2B20449D0A00155C9F /* Products */,
			);
			sourceTree = "<group>";
		};
		75E13F2B20449D0A00155C9F /* Products */ = {
			isa = PBXGroup;
			children = (
				75E13F2A20449D0A00155C9F /* HackwichFive.app */,
			);
			name = Products;
			sourceTree = "<group>";
		};
		75E13F2C20449D0A00155C9F /* HackwichFive */ = {
			isa = PBXGroup;
			children = (
				75E13F2D20449D0A00155C9F /* AppDelegate.swift */,
				75E13F2F20449D0A00155C9F /* ViewController.swift */,
				7F3E144220605A4D004A3074 /* detailViewController.swift */,
				75E13F3120449D0A00155C9F /* Main.storyboard */,
				75E13F3420449D0A00155C9F /* Assets.xcassets */,
				75E13F3620449D0A00155C9F /* LaunchScreen.storyboard */,
				75E13F3920449D0A00155C9F /* Info.plist */,
				7F3E144020605932004A3074 /* Property List.plist */,
			);
			path = HackwichFive;
			sourceTree = "<group>";
		};
/* End PBXGroup section */

/* Begin PBXNativeTarget section */
		75E13F2920449D0A00155C9F /* HackwichFive */ = {
			isa = PBXNativeTarget;
			buildConfigurationList = 75E13F3C20449D0A00155C9F /* Build configuration list for PBXNativeTarget "HackwichFive" */;
			buildPhases = (
				75E13F2620449D0A00155C9F /* Sources */,
				75E13F2720449D0A00155C9F /* Frameworks */,
				75E13F2820449D0A00155C9F /* Resources */,
			);
			buildRules = (
			);
			dependencies = (
			);
			name = HackwichFive;
			productName = HackwichFive;
			productReference = 75E13F2A20449D0A00155C9F /* HackwichFive.app */;
			productType = "com.apple.product-type.application";
		};
/* End PBXNativeTarget section */

/* Begin PBXProject section */
		75E13F2220449D0A00155C9F /* Project object */ = {
			isa = PBXProject;
			attributes = {
				LastSwiftUpdateCheck = 0920;
				LastUpgradeCheck = 0920;
				ORGANIZATIONNAME = "Tayler Anne Fitzsimmons";
				TargetAttributes = {
					75E13F2920449D0A00155C9F = {
						CreatedOnToolsVersion = 9.2;
						ProvisioningStyle = Automatic;
					};
				};
			};
			buildConfigurationList = 75E13F2520449D0A00155C9F /* Build configuration list for PBXProject "HackwichFive" */;
			compatibilityVersion = "Xcode 8.0";
			developmentRegion = en;
			hasScannedForEncodings = 0;
			knownRegions = (
				en,
				Base,
			);
			mainGroup = 75E13F2120449D0A00155C9F;
			productRefGroup = 75E13F2B20449D0A00155C9F /* Products */;
			projectDirPath = "";
			projectRoot = "";
			targets = (
				75E13F2920449D0A00155C9F /* HackwichFive */,
			);
		};
/* End PBXProject section */

/* Begin PBXResourcesBuildPhase section */
		75E13F2820449D0A00155C9F /* Resources */ = {
			isa = PBXResourcesBuildPhase;
			buildActionMask = 2147483647;
			files = (
				75E13F3820449D0A00155C9F /* LaunchScreen.storyboard in Resources */,
				75E13F3520449D0A00155C9F /* Assets.xcassets in Resources */,
				7F3E144120605932004A3074 /* Property List.plist in Resources */,
				75E13F3320449D0A00155C9F /* Main.storyboard in Resources */,
			);
			runOnlyForDeploymentPostprocessing = 0;
		};
/* End PBXResourcesBuildPhase section */

/* Begin PBXSourcesBuildPhase section */
		75E13F2620449D0A00155C9F /* Sources */ = {
			isa = PBXSourcesBuildPhase;
			buildActionMask = 2147483647;
			files = (
				75E13F3020449D0A00155C9F /* ViewController.swift in Sources */,
				75E13F2E20449D0A00155C9F /* AppDelegate.swift in Sources */,
				7F3E144320605A4D004A3074 /* detailViewController.swift in Sources */,
			);
			runOnlyForDeploymentPostprocessing = 0;
		};
/* End PBXSourcesBuildPhase section */

/* Begin PBXVariantGroup section */
		75E13F3120449D0A00155C9F /* Main.storyboard */ = {
			isa = PBXVariantGroup;
			children = (
				75E13F3220449D0A00155C9F /* Base */,
			);
			name = Main.storyboard;
			sourceTree = "<group>";
		};
		75E13F3620449D0A00155C9F /* LaunchScreen.storyboard */ = {
			isa = PBXVariantGroup;
			children = (
				75E13F3720449D0A00155C9F /* Base */,
			);
			name = LaunchScreen.storyboard;
			sourceTree = "<group>";
		};
/* End PBXVariantGroup section */

/* Begin XCBuildConfiguration section */
		75E13F3A20449D0A00155C9F /* Debug */ = {
			isa = XCBuildConfiguration;
			buildSettings = {
				ALWAYS_SEARCH_USER_PATHS = NO;
				CLANG_ANALYZER_NONNULL = YES;
				CLANG_ANALYZER_NUMBER_OBJECT_CONVERSION = YES_AGGRESSIVE;
				CLANG_CXX_LANGUAGE_STANDARD = "gnu++14";
				CLANG_CXX_LIBRARY = "libc++";
				CLANG_ENABLE_MODULES = YES;
				CLANG_ENABLE_OBJC_ARC = YES;
				CLANG_WARN_BLOCK_CAPTURE_AUTORELEASING = YES;
				CLANG_WARN_BOOL_CONVERSION = YES;
				CLANG_WARN_COMMA = YES;
				CLANG_WARN_CONSTANT_CONVERSION = YES;
				CLANG_WARN_DIRECT_OBJC_ISA_USAGE = YES_ERROR;
				CLANG_WARN_DOCUMENTATION_COMMENTS = YES;
				CLANG_WARN_EMPTY_BODY = YES;
				CLANG_WARN_ENUM_CONVERSION = YES;
				CLANG_WARN_INFINITE_RECURSION = YES;
				CLANG_WARN_INT_CONVERSION = YES;
				CLANG_WARN_NON_LITERAL_NULL_CONVERSION = YES;
				CLANG_WARN_OBJC_LITERAL_CONVERSION = YES;
				CLANG_WARN_OBJC_ROOT_CLASS = YES_ERROR;
				CLANG_WARN_RANGE_LOOP_ANALYSIS = YES;
				CLANG_WARN_STRICT_PROTOTYPES = YES;
				CLANG_WARN_SUSPICIOUS_MOVE = YES;
				CLANG_WARN_UNGUARDED_AVAILABILITY = YES_AGGRESSIVE;
				CLANG_WARN_UNREACHABLE_CODE = YES;
				CLANG_WARN__DUPLICATE_METHOD_MATCH = YES;
				CODE_SIGN_IDENTITY = "iPhone Developer";
				COPY_PHASE_STRIP = NO;
				DEBUG_INFORMATION_FORMAT = dwarf;
				ENABLE_STRICT_OBJC_MSGSEND = YES;
				ENABLE_TESTABILITY = YES;
				GCC_C_LANGUAGE_STANDARD = gnu11;
				GCC_DYNAMIC_NO_PIC = NO;
				GCC_NO_COMMON_BLOCKS = YES;
				GCC_OPTIMIZATION_LEVEL = 0;
				GCC_PREPROCESSOR_DEFINITIONS = (
					"DEBUG=1",
					"$(inherited)",
				);
				GCC_WARN_64_TO_32_BIT_CONVERSION = YES;
				GCC_WARN_ABOUT_RETURN_TYPE = YES_ERROR;
				GCC_WARN_UNDECLARED_SELECTOR = YES;
				GCC_WARN_UNINITIALIZED_AUTOS = YES_AGGRESSIVE;
				GCC_WARN_UNUSED_FUNCTION = YES;
				GCC_WARN_UNUSED_VARIABLE = YES;
				IPHONEOS_DEPLOYMENT_TARGET = 11.2;
				MTL_ENABLE_DEBUG_INFO = YES;
				ONLY_ACTIVE_ARCH = YES;
				SDKROOT = iphoneos;
				SWIFT_ACTIVE_COMPILATION_CONDITIONS = DEBUG;
				SWIFT_OPTIMIZATION_LEVEL = "-Onone";
			};
			name = Debug;
		};
		75E13F3B20449D0A00155C9F /* Release */ = {
			isa = XCBuildConfiguration;
			buildSettings = {
				ALWAYS_SEARCH_USER_PATHS = NO;
				CLANG_ANALYZER_NONNULL = YES;
				CLANG_ANALYZER_NUMBER_OBJECT_CONVERSION = YES_AGGRESSIVE;
				CLANG_CXX_LANGUAGE_STANDARD = "gnu++14";
				CLANG_CXX_LIBRARY = "libc++";
				CLANG_ENABLE_MODULES = YES;
				CLANG_ENABLE_OBJC_ARC = YES;
				CLANG_WARN_BLOCK_CAPTURE_AUTORELEASING = YES;
				CLANG_WARN_BOOL_CONVERSION = YES;
				CLANG_WARN_COMMA = YES;
				CLANG_WARN_CONSTANT_CONVERSION = YES;
				CLANG_WARN_DIRECT_OBJC_ISA_USAGE = YES_ERROR;
				CLANG_WARN_DOCUMENTATION_COMMENTS = YES;
				CLANG_WARN_EMPTY_BODY = YES;
				CLANG_WARN_ENUM_CONVERSION = YES;
				CLANG_WARN_INFINITE_RECURSION = YES;
				CLANG_WARN_INT_CONVERSION = YES;
				CLANG_WARN_NON_LITERAL_NULL_CONVERSION = YES;
				CLANG_WARN_OBJC_LITERAL_CONVERSION = YES;
				CLANG_WARN_OBJC_ROOT_CLASS = YES_ERROR;
				CLANG_WARN_RANGE_LOOP_ANALYSIS = YES;
				CLANG_WARN_STRICT_PROTOTYPES = YES;
				CLANG_WARN_SUSPICIOUS_MOVE = YES;
				CLANG_WARN_UNGUARDED_AVAILABILITY = YES_AGGRESSIVE;
				CLANG_WARN_UNREACHABLE_CODE = YES;
				CLANG_WARN__DUPLICATE_METHOD_MATCH = YES;
				CODE_SIGN_IDENTITY = "iPhone Developer";
				COPY_PHASE_STRIP = NO;
				DEBUG_INFORMATION_FORMAT = "dwarf-with-dsym";
				ENABLE_NS_ASSERTIONS = NO;
				ENABLE_STRICT_OBJC_MSGSEND = YES;
				GCC_C_LANGUAGE_STANDARD = gnu11;
				GCC_NO_COMMON_BLOCKS = YES;
				GCC_WARN_64_TO_32_BIT_CONVERSION = YES;
				GCC_WARN_ABOUT_RETURN_TYPE = YES_ERROR;
				GCC_WARN_UNDECLARED_SELECTOR = YES;
				GCC_WARN_UNINITIALIZED_AUTOS = YES_AGGRESSIVE;
				GCC_WARN_UNUSED_FUNCTION = YES;
				GCC_WARN_UNUSED_VARIABLE = YES;
				IPHONEOS_DEPLOYMENT_TARGET = 11.2;
				MTL_ENABLE_DEBUG_INFO = NO;
				SDKROOT = iphoneos;
				SWIFT_OPTIMIZATION_LEVEL = "-Owholemodule";
				VALIDATE_PRODUCT = YES;
			};
			name = Release;
		};
		75E13F3D20449D0A00155C9F /* Debug */ = {
			isa = XCBuildConfiguration;
			buildSettings = {
				ASSETCATALOG_COMPILER_APPICON_NAME = AppIcon;
				CODE_SIGN_STYLE = Automatic;
				DEVELOPMENT_TEAM = H8X8RDG4PB;
				INFOPLIST_FILE = HackwichFive/Info.plist;
				LD_RUNPATH_SEARCH_PATHS = "$(inherited) @executable_path/Frameworks";
				PRODUCT_BUNDLE_IDENTIFIER = UHWO.HackwichFive;
				PRODUCT_NAME = "$(TARGET_NAME)";
				SWIFT_VERSION = 4.0;
				TARGETED_DEVICE_FAMILY = "1,2";
			};
			name = Debug;
		};
		75E13F3E20449D0A00155C9F /* Release */ = {
			isa = XCBuildConfiguration;
			buildSettings = {
				ASSETCATALOG_COMPILER_APPICON_NAME = AppIcon;
				CODE_SIGN_STYLE = Automatic;
				DEVELOPMENT_TEAM = H8X8RDG4PB;
				INFOPLIST_FILE = HackwichFive/Info.plist;
				LD_RUNPATH_SEARCH_PATHS = "$(inherited) @executable_path/Frameworks";
				PRODUCT_BUNDLE_IDENTIFIER = UHWO.HackwichFive;
				PRODUCT_NAME = "$(TARGET_NAME)";
				SWIFT_VERSION = 4.0;
				TARGETED_DEVICE_FAMILY = "1,2";
			};
			name = Release;
		};
/* End XCBuildConfiguration section */

/* Begin XCConfigurationList section */
		75E13F2520449D0A00155C9F /* Build configuration list for PBXProject "HackwichFive" */ = {
			isa = XCConfigurationList;
			buildConfigurations = (
				75E13F3A20449D0A00155C9F /* Debug */,
				75E13F3B20449D0A00155C9F /* Release */,
			);
			defaultConfigurationIsVisible = 0;
			defaultConfigurationName = Release;
		};
		75E13F3C20449D0A00155C9F /* Build configuration list for PBXNativeTarget "HackwichFive" */ = {
			isa = XCConfigurationList;
			buildConfigurations = (
				75E13F3D20449D0A00155C9F /* Debug */,
				75E13F3E20449D0A00155C9F /* Release */,
			);
			defaultConfigurationIsVisible = 0;
			defaultConfigurationName = Release;
		};
/* End XCConfigurationList section */
	};
	rootObject = 75E13F2220449D0A00155C9F /* Project object */;
}
